
Microsoft Visual Studio Solution File, Format Version 12.00
# Visual Studio Version 17
VisualStudioVersion = 17.13.35931.197 d17.13
MinimumVisualStudioVersion = 10.0.40219.1
Project("{FAE04EC0-301F-11D3-BF4B-00C04F79EFBC}") = "EstruturaParaFOR", "EstruturaParaFOR\EstruturaParaFOR.csproj", "{E7AFD67E-D35D-416E-BBB0-59664E721050}"
EndProject
Global
	GlobalSection(SolutionConfigurationPlatforms) = preSolution
		Debug|Any CPU = Debug|Any CPU
		Release|Any CPU = Release|Any CPU
	EndGlobalSection
	GlobalSection(ProjectConfigurationPlatforms) = postSolution
		{E7AFD67E-D35D-416E-BBB0-59664E721050}.Debug|Any CPU.ActiveCfg = Debug|Any CPU
		{E7AFD67E-D35D-416E-BBB0-59664E721050}.Debug|Any CPU.Build.0 = Debug|Any CPU
		{E7AFD67E-D35D-416E-BBB0-59664E721050}.Release|Any CPU.ActiveCfg = Release|Any CPU
		{E7AFD67E-D35D-416E-BBB0-59664E721050}.Release|Any CPU.Build.0 = Release|Any CPU
	EndGlobalSection
	GlobalSection(SolutionProperties) = preSolution
		HideSolutionNode = FALSE
	EndGlobalSection
	GlobalSection(ExtensibilityGlobals) = postSolution
		SolutionGuid = {BDE35EC8-8F96-45C3-85E3-0EB6FCD97444}
	EndGlobalSection
EndGlobal
