
Microsoft Visual Studio Solution File, Format Version 12.00
# Visual Studio Version 17
VisualStudioVersion = 17.14.36414.22 d17.14
MinimumVisualStudioVersion = 10.0.40219.1
Project("{FAE04EC0-301F-11D3-BF4B-00C04F79EFBC}") = "ExercicioLambdaLinqResolvido", "ExercicioLambdaLinqResolvido\ExercicioLambdaLinqResolvido.csproj", "{CAB86207-1B43-457A-9500-ABCE8F944682}"
EndProject
Global
	GlobalSection(SolutionConfigurationPlatforms) = preSolution
		Debug|Any CPU = Debug|Any CPU
		Release|Any CPU = Release|Any CPU
	EndGlobalSection
	GlobalSection(ProjectConfigurationPlatforms) = postSolution
		{CAB86207-1B43-457A-9500-ABCE8F944682}.Debug|Any CPU.ActiveCfg = Debug|Any CPU
		{CAB86207-1B43-457A-9500-ABCE8F944682}.Debug|Any CPU.Build.0 = Debug|Any CPU
		{CAB86207-1B43-457A-9500-ABCE8F944682}.Release|Any CPU.ActiveCfg = Release|Any CPU
		{CAB86207-1B43-457A-9500-ABCE8F944682}.Release|Any CPU.Build.0 = Release|Any CPU
	EndGlobalSection
	GlobalSection(SolutionProperties) = preSolution
		HideSolutionNode = FALSE
	EndGlobalSection
	GlobalSection(ExtensibilityGlobals) = postSolution
		SolutionGuid = {133EC0CD-CABD-42B6-88CE-57869BBCDB74}
	EndGlobalSection
EndGlobal
