
Microsoft Visual Studio Solution File, Format Version 12.00
# Visual Studio Version 17
VisualStudioVersion = 17.13.35931.197 d17.13
MinimumVisualStudioVersion = 10.0.40219.1
Project("{FAE04EC0-301F-11D3-BF4B-00C04F79EFBC}") = "VetoresParams", "VetoresParams\VetoresParams.csproj", "{D9E9FC8F-A29B-4F4C-A677-CB3A14E266F6}"
EndProject
Global
	GlobalSection(SolutionConfigurationPlatforms) = preSolution
		Debug|Any CPU = Debug|Any CPU
		Release|Any CPU = Release|Any CPU
	EndGlobalSection
	GlobalSection(ProjectConfigurationPlatforms) = postSolution
		{D9E9FC8F-A29B-4F4C-A677-CB3A14E266F6}.Debug|Any CPU.ActiveCfg = Debug|Any CPU
		{D9E9FC8F-A29B-4F4C-A677-CB3A14E266F6}.Debug|Any CPU.Build.0 = Debug|Any CPU
		{D9E9FC8F-A29B-4F4C-A677-CB3A14E266F6}.Release|Any CPU.ActiveCfg = Release|Any CPU
		{D9E9FC8F-A29B-4F4C-A677-CB3A14E266F6}.Release|Any CPU.Build.0 = Release|Any CPU
	EndGlobalSection
	GlobalSection(SolutionProperties) = preSolution
		HideSolutionNode = FALSE
	EndGlobalSection
	GlobalSection(ExtensibilityGlobals) = postSolution
		SolutionGuid = {4A416906-9CDC-471E-A638-9E8AEFC04784}
	EndGlobalSection
EndGlobal
