
Microsoft Visual Studio Solution File, Format Version 12.00
# Visual Studio Version 17
VisualStudioVersion = 17.13.35931.197 d17.13
MinimumVisualStudioVersion = 10.0.40219.1
Project("{FAE04EC0-301F-11D3-BF4B-00C04F79EFBC}") = "ExerciciosMembrosEstaticos", "ExerciciosMembrosEstaticos\ExerciciosMembrosEstaticos.csproj", "{28FF7574-8667-4084-806E-EBFEDF7FC72B}"
EndProject
Global
	GlobalSection(SolutionConfigurationPlatforms) = preSolution
		Debug|Any CPU = Debug|Any CPU
		Release|Any CPU = Release|Any CPU
	EndGlobalSection
	GlobalSection(ProjectConfigurationPlatforms) = postSolution
		{28FF7574-8667-4084-806E-EBFEDF7FC72B}.Debug|Any CPU.ActiveCfg = Debug|Any CPU
		{28FF7574-8667-4084-806E-EBFEDF7FC72B}.Debug|Any CPU.Build.0 = Debug|Any CPU
		{28FF7574-8667-4084-806E-EBFEDF7FC72B}.Release|Any CPU.ActiveCfg = Release|Any CPU
		{28FF7574-8667-4084-806E-EBFEDF7FC72B}.Release|Any CPU.Build.0 = Release|Any CPU
	EndGlobalSection
	GlobalSection(SolutionProperties) = preSolution
		HideSolutionNode = FALSE
	EndGlobalSection
	GlobalSection(ExtensibilityGlobals) = postSolution
		SolutionGuid = {8A904573-241F-4382-8015-4A5F819C7745}
	EndGlobalSection
EndGlobal
