
Microsoft Visual Studio Solution File, Format Version 12.00
# Visual Studio Version 17
VisualStudioVersion = 17.13.35931.197 d17.13
MinimumVisualStudioVersion = 10.0.40219.1
Project("{FAE04EC0-301F-11D3-BF4B-00C04F79EFBC}") = "CourseExercicioDeFixacao", "CourseExercicioDeFixacao\CourseExercicioDeFixacao.csproj", "{DBECED09-E80A-4BFD-8CCB-15A8038BD783}"
EndProject
Global
	GlobalSection(SolutionConfigurationPlatforms) = preSolution
		Debug|Any CPU = Debug|Any CPU
		Release|Any CPU = Release|Any CPU
	EndGlobalSection
	GlobalSection(ProjectConfigurationPlatforms) = postSolution
		{DBECED09-E80A-4BFD-8CCB-15A8038BD783}.Debug|Any CPU.ActiveCfg = Debug|Any CPU
		{DBECED09-E80A-4BFD-8CCB-15A8038BD783}.Debug|Any CPU.Build.0 = Debug|Any CPU
		{DBECED09-E80A-4BFD-8CCB-15A8038BD783}.Release|Any CPU.ActiveCfg = Release|Any CPU
		{DBECED09-E80A-4BFD-8CCB-15A8038BD783}.Release|Any CPU.Build.0 = Release|Any CPU
	EndGlobalSection
	GlobalSection(SolutionProperties) = preSolution
		HideSolutionNode = FALSE
	EndGlobalSection
	GlobalSection(ExtensibilityGlobals) = postSolution
		SolutionGuid = {D17DFF73-0440-46D5-BFA8-92CD50C3E667}
	EndGlobalSection
EndGlobal
