
Microsoft Visual Studio Solution File, Format Version 12.00
# Visual Studio Version 17
VisualStudioVersion = 17.13.35931.197 d17.13
MinimumVisualStudioVersion = 10.0.40219.1
Project("{FAE04EC0-301F-11D3-BF4B-00C04F79EFBC}") = "TiposBasicos", "TiposBasicos\TiposBasicos.csproj", "{D4A95022-C5FB-4758-8BBF-50639DF8F1C0}"
EndProject
Global
	GlobalSection(SolutionConfigurationPlatforms) = preSolution
		Debug|Any CPU = Debug|Any CPU
		Release|Any CPU = Release|Any CPU
	EndGlobalSection
	GlobalSection(ProjectConfigurationPlatforms) = postSolution
		{D4A95022-C5FB-4758-8BBF-50639DF8F1C0}.Debug|Any CPU.ActiveCfg = Debug|Any CPU
		{D4A95022-C5FB-4758-8BBF-50639DF8F1C0}.Debug|Any CPU.Build.0 = Debug|Any CPU
		{D4A95022-C5FB-4758-8BBF-50639DF8F1C0}.Release|Any CPU.ActiveCfg = Release|Any CPU
		{D4A95022-C5FB-4758-8BBF-50639DF8F1C0}.Release|Any CPU.Build.0 = Release|Any CPU
	EndGlobalSection
	GlobalSection(SolutionProperties) = preSolution
		HideSolutionNode = FALSE
	EndGlobalSection
	GlobalSection(ExtensibilityGlobals) = postSolution
		SolutionGuid = {9AD0BDA2-A293-4A7C-97BC-DFF74D1E71BE}
	EndGlobalSection
EndGlobal
