
Microsoft Visual Studio Solution File, Format Version 12.00
# Visual Studio Version 17
VisualStudioVersion = 17.13.35931.197 d17.13
MinimumVisualStudioVersion = 10.0.40219.1
Project("{FAE04EC0-301F-11D3-BF4B-00C04F79EFBC}") = "EnquantoWhile", "EnquantoWhile\EnquantoWhile.csproj", "{D1373DFA-6DB8-4214-9A13-2EE7E376D91A}"
EndProject
Global
	GlobalSection(SolutionConfigurationPlatforms) = preSolution
		Debug|Any CPU = Debug|Any CPU
		Release|Any CPU = Release|Any CPU
	EndGlobalSection
	GlobalSection(ProjectConfigurationPlatforms) = postSolution
		{D1373DFA-6DB8-4214-9A13-2EE7E376D91A}.Debug|Any CPU.ActiveCfg = Debug|Any CPU
		{D1373DFA-6DB8-4214-9A13-2EE7E376D91A}.Debug|Any CPU.Build.0 = Debug|Any CPU
		{D1373DFA-6DB8-4214-9A13-2EE7E376D91A}.Release|Any CPU.ActiveCfg = Release|Any CPU
		{D1373DFA-6DB8-4214-9A13-2EE7E376D91A}.Release|Any CPU.Build.0 = Release|Any CPU
	EndGlobalSection
	GlobalSection(SolutionProperties) = preSolution
		HideSolutionNode = FALSE
	EndGlobalSection
	GlobalSection(ExtensibilityGlobals) = postSolution
		SolutionGuid = {2C508010-AF36-4A35-9831-3CF8EC62FF87}
	EndGlobalSection
EndGlobal
