
Microsoft Visual Studio Solution File, Format Version 12.00
# Visual Studio Version 17
VisualStudioVersion = 17.13.35931.197 d17.13
MinimumVisualStudioVersion = 10.0.40219.1
Project("{FAE04EC0-301F-11D3-BF4B-00C04F79EFBC}") = "ExerciciosWhile", "ExerciciosWhile\ExerciciosWhile.csproj", "{A0D99357-AAC9-4B99-8CD1-77233753AD41}"
EndProject
Global
	GlobalSection(SolutionConfigurationPlatforms) = preSolution
		Debug|Any CPU = Debug|Any CPU
		Release|Any CPU = Release|Any CPU
	EndGlobalSection
	GlobalSection(ProjectConfigurationPlatforms) = postSolution
		{A0D99357-AAC9-4B99-8CD1-77233753AD41}.Debug|Any CPU.ActiveCfg = Debug|Any CPU
		{A0D99357-AAC9-4B99-8CD1-77233753AD41}.Debug|Any CPU.Build.0 = Debug|Any CPU
		{A0D99357-AAC9-4B99-8CD1-77233753AD41}.Release|Any CPU.ActiveCfg = Release|Any CPU
		{A0D99357-AAC9-4B99-8CD1-77233753AD41}.Release|Any CPU.Build.0 = Release|Any CPU
	EndGlobalSection
	GlobalSection(SolutionProperties) = preSolution
		HideSolutionNode = FALSE
	EndGlobalSection
	GlobalSection(ExtensibilityGlobals) = postSolution
		SolutionGuid = {98634011-E26D-4FF5-8870-A7826BCC079F}
	EndGlobalSection
EndGlobal
