
Microsoft Visual Studio Solution File, Format Version 12.00
# Visual Studio Version 17
VisualStudioVersion = 17.13.35931.197 d17.13
MinimumVisualStudioVersion = 10.0.40219.1
Project("{FAE04EC0-301F-11D3-BF4B-00C04F79EFBC}") = "TiposValor", "TiposValor\TiposValor.csproj", "{D4D7ED00-697F-44E3-A5D3-935E328E1322}"
EndProject
Global
	GlobalSection(SolutionConfigurationPlatforms) = preSolution
		Debug|Any CPU = Debug|Any CPU
		Release|Any CPU = Release|Any CPU
	EndGlobalSection
	GlobalSection(ProjectConfigurationPlatforms) = postSolution
		{D4D7ED00-697F-44E3-A5D3-935E328E1322}.Debug|Any CPU.ActiveCfg = Debug|Any CPU
		{D4D7ED00-697F-44E3-A5D3-935E328E1322}.Debug|Any CPU.Build.0 = Debug|Any CPU
		{D4D7ED00-697F-44E3-A5D3-935E328E1322}.Release|Any CPU.ActiveCfg = Release|Any CPU
		{D4D7ED00-697F-44E3-A5D3-935E328E1322}.Release|Any CPU.Build.0 = Release|Any CPU
	EndGlobalSection
	GlobalSection(SolutionProperties) = preSolution
		HideSolutionNode = FALSE
	EndGlobalSection
	GlobalSection(ExtensibilityGlobals) = postSolution
		SolutionGuid = {A70BE465-35D4-4191-9A06-295BB0721C93}
	EndGlobalSection
EndGlobal
