
Microsoft Visual Studio Solution File, Format Version 12.00
# Visual Studio Version 17
VisualStudioVersion = 17.13.35931.197 d17.13
MinimumVisualStudioVersion = 10.0.40219.1
Project("{FAE04EC0-301F-11D3-BF4B-00C04F79EFBC}") = "DateTime", "DateTime\DateTime.csproj", "{390625C8-894E-4DED-8C19-10391D713871}"
EndProject
Global
	GlobalSection(SolutionConfigurationPlatforms) = preSolution
		Debug|Any CPU = Debug|Any CPU
		Release|Any CPU = Release|Any CPU
	EndGlobalSection
	GlobalSection(ProjectConfigurationPlatforms) = postSolution
		{390625C8-894E-4DED-8C19-10391D713871}.Debug|Any CPU.ActiveCfg = Debug|Any CPU
		{390625C8-894E-4DED-8C19-10391D713871}.Debug|Any CPU.Build.0 = Debug|Any CPU
		{390625C8-894E-4DED-8C19-10391D713871}.Release|Any CPU.ActiveCfg = Release|Any CPU
		{390625C8-894E-4DED-8C19-10391D713871}.Release|Any CPU.Build.0 = Release|Any CPU
	EndGlobalSection
	GlobalSection(SolutionProperties) = preSolution
		HideSolutionNode = FALSE
	EndGlobalSection
	GlobalSection(ExtensibilityGlobals) = postSolution
		SolutionGuid = {4F1F8D42-854A-4474-813F-34A98E24C9B4}
	EndGlobalSection
EndGlobal
