
Microsoft Visual Studio Solution File, Format Version 12.00
# Visual Studio Version 17
VisualStudioVersion = 17.13.35931.197 d17.13
MinimumVisualStudioVersion = 10.0.40219.1
Project("{FAE04EC0-301F-11D3-BF4B-00C04F79EFBC}") = "ExerciceComposicao2", "ExerciceComposicao2\ExerciceComposicao2.csproj", "{B46019B8-542E-4CD4-B309-A47FFCE4A8A7}"
EndProject
Global
	GlobalSection(SolutionConfigurationPlatforms) = preSolution
		Debug|Any CPU = Debug|Any CPU
		Release|Any CPU = Release|Any CPU
	EndGlobalSection
	GlobalSection(ProjectConfigurationPlatforms) = postSolution
		{B46019B8-542E-4CD4-B309-A47FFCE4A8A7}.Debug|Any CPU.ActiveCfg = Debug|Any CPU
		{B46019B8-542E-4CD4-B309-A47FFCE4A8A7}.Debug|Any CPU.Build.0 = Debug|Any CPU
		{B46019B8-542E-4CD4-B309-A47FFCE4A8A7}.Release|Any CPU.ActiveCfg = Release|Any CPU
		{B46019B8-542E-4CD4-B309-A47FFCE4A8A7}.Release|Any CPU.Build.0 = Release|Any CPU
	EndGlobalSection
	GlobalSection(SolutionProperties) = preSolution
		HideSolutionNode = FALSE
	EndGlobalSection
	GlobalSection(ExtensibilityGlobals) = postSolution
		SolutionGuid = {D93B3B76-581B-4C8E-82FD-32224EF47C6C}
	EndGlobalSection
EndGlobal
