
Microsoft Visual Studio Solution File, Format Version 12.00
# Visual Studio Version 17
VisualStudioVersion = 17.14.36414.22 d17.14
MinimumVisualStudioVersion = 10.0.40219.1
Project("{FAE04EC0-301F-11D3-BF4B-00C04F79EFBC}") = "LinqSimiliarSQL", "LinqSimiliarSQL\LinqSimiliarSQL.csproj", "{C9A8C874-2B6E-4520-A031-4BCAD3875858}"
EndProject
Global
	GlobalSection(SolutionConfigurationPlatforms) = preSolution
		Debug|Any CPU = Debug|Any CPU
		Release|Any CPU = Release|Any CPU
	EndGlobalSection
	GlobalSection(ProjectConfigurationPlatforms) = postSolution
		{C9A8C874-2B6E-4520-A031-4BCAD3875858}.Debug|Any CPU.ActiveCfg = Debug|Any CPU
		{C9A8C874-2B6E-4520-A031-4BCAD3875858}.Debug|Any CPU.Build.0 = Debug|Any CPU
		{C9A8C874-2B6E-4520-A031-4BCAD3875858}.Release|Any CPU.ActiveCfg = Release|Any CPU
		{C9A8C874-2B6E-4520-A031-4BCAD3875858}.Release|Any CPU.Build.0 = Release|Any CPU
	EndGlobalSection
	GlobalSection(SolutionProperties) = preSolution
		HideSolutionNode = FALSE
	EndGlobalSection
	GlobalSection(ExtensibilityGlobals) = postSolution
		SolutionGuid = {D7A14527-7EE7-4156-A8B7-2E7DEE832341}
	EndGlobalSection
EndGlobal
