
Microsoft Visual Studio Solution File, Format Version 12.00
# Visual Studio Version 17
VisualStudioVersion = 17.14.36414.22 d17.14
MinimumVisualStudioVersion = 10.0.40219.1
Project("{FAE04EC0-301F-11D3-BF4B-00C04F79EFBC}") = "InterfaceComparable", "InterfaceComparable\InterfaceComparable.csproj", "{1B10508F-3F19-4250-B4C4-7D2E64ED6849}"
EndProject
Global
	GlobalSection(SolutionConfigurationPlatforms) = preSolution
		Debug|Any CPU = Debug|Any CPU
		Release|Any CPU = Release|Any CPU
	EndGlobalSection
	GlobalSection(ProjectConfigurationPlatforms) = postSolution
		{1B10508F-3F19-4250-B4C4-7D2E64ED6849}.Debug|Any CPU.ActiveCfg = Debug|Any CPU
		{1B10508F-3F19-4250-B4C4-7D2E64ED6849}.Debug|Any CPU.Build.0 = Debug|Any CPU
		{1B10508F-3F19-4250-B4C4-7D2E64ED6849}.Release|Any CPU.ActiveCfg = Release|Any CPU
		{1B10508F-3F19-4250-B4C4-7D2E64ED6849}.Release|Any CPU.Build.0 = Release|Any CPU
	EndGlobalSection
	GlobalSection(SolutionProperties) = preSolution
		HideSolutionNode = FALSE
	EndGlobalSection
	GlobalSection(ExtensibilityGlobals) = postSolution
		SolutionGuid = {C25338E3-FAE7-4A55-945E-4E8E2E4DDD39}
	EndGlobalSection
EndGlobal
