
Microsoft Visual Studio Solution File, Format Version 12.00
# Visual Studio Version 17
VisualStudioVersion = 17.13.35931.197 d17.13
MinimumVisualStudioVersion = 10.0.40219.1
Project("{FAE04EC0-301F-11D3-BF4B-00C04F79EFBC}") = "ExercíciosSobreEstruturaSequencial", "ExercíciosSobreEstruturaSequencial\ExercíciosSobreEstruturaSequencial.csproj", "{98500718-88DF-4020-9CE0-8E9044023AF0}"
EndProject
Global
	GlobalSection(SolutionConfigurationPlatforms) = preSolution
		Debug|Any CPU = Debug|Any CPU
		Release|Any CPU = Release|Any CPU
	EndGlobalSection
	GlobalSection(ProjectConfigurationPlatforms) = postSolution
		{98500718-88DF-4020-9CE0-8E9044023AF0}.Debug|Any CPU.ActiveCfg = Debug|Any CPU
		{98500718-88DF-4020-9CE0-8E9044023AF0}.Debug|Any CPU.Build.0 = Debug|Any CPU
		{98500718-88DF-4020-9CE0-8E9044023AF0}.Release|Any CPU.ActiveCfg = Release|Any CPU
		{98500718-88DF-4020-9CE0-8E9044023AF0}.Release|Any CPU.Build.0 = Release|Any CPU
	EndGlobalSection
	GlobalSection(SolutionProperties) = preSolution
		HideSolutionNode = FALSE
	EndGlobalSection
	GlobalSection(ExtensibilityGlobals) = postSolution
		SolutionGuid = {716C2331-249E-4F43-AEB3-490D13A89146}
	EndGlobalSection
EndGlobal
