
Microsoft Visual Studio Solution File, Format Version 12.00
# Visual Studio Version 17
VisualStudioVersion = 17.13.35931.197 d17.13
MinimumVisualStudioVersion = 10.0.40219.1
Project("{FAE04EC0-301F-11D3-BF4B-00C04F79EFBC}") = "ListExercicies", "ListExercicies\ListExercicies.csproj", "{03D8E08A-187A-4AAA-B339-1819C09BD3DE}"
EndProject
Global
	GlobalSection(SolutionConfigurationPlatforms) = preSolution
		Debug|Any CPU = Debug|Any CPU
		Release|Any CPU = Release|Any CPU
	EndGlobalSection
	GlobalSection(ProjectConfigurationPlatforms) = postSolution
		{03D8E08A-187A-4AAA-B339-1819C09BD3DE}.Debug|Any CPU.ActiveCfg = Debug|Any CPU
		{03D8E08A-187A-4AAA-B339-1819C09BD3DE}.Debug|Any CPU.Build.0 = Debug|Any CPU
		{03D8E08A-187A-4AAA-B339-1819C09BD3DE}.Release|Any CPU.ActiveCfg = Release|Any CPU
		{03D8E08A-187A-4AAA-B339-1819C09BD3DE}.Release|Any CPU.Build.0 = Release|Any CPU
	EndGlobalSection
	GlobalSection(SolutionProperties) = preSolution
		HideSolutionNode = FALSE
	EndGlobalSection
	GlobalSection(ExtensibilityGlobals) = postSolution
		SolutionGuid = {76AAD94F-9BC6-448E-9610-42B0FF6E216D}
	EndGlobalSection
EndGlobal
