
Microsoft Visual Studio Solution File, Format Version 12.00
# Visual Studio Version 17
VisualStudioVersion = 17.13.35931.197 d17.13
MinimumVisualStudioVersion = 10.0.40219.1
Project("{FAE04EC0-301F-11D3-BF4B-00C04F79EFBC}") = "ExerciciosDeFixacaoOO", "ExerciciosDeFixacaoOO\ExerciciosDeFixacaoOO.csproj", "{8433BACF-691E-472C-925F-BA55FF0512A7}"
EndProject
Global
	GlobalSection(SolutionConfigurationPlatforms) = preSolution
		Debug|Any CPU = Debug|Any CPU
		Release|Any CPU = Release|Any CPU
	EndGlobalSection
	GlobalSection(ProjectConfigurationPlatforms) = postSolution
		{8433BACF-691E-472C-925F-BA55FF0512A7}.Debug|Any CPU.ActiveCfg = Debug|Any CPU
		{8433BACF-691E-472C-925F-BA55FF0512A7}.Debug|Any CPU.Build.0 = Debug|Any CPU
		{8433BACF-691E-472C-925F-BA55FF0512A7}.Release|Any CPU.ActiveCfg = Release|Any CPU
		{8433BACF-691E-472C-925F-BA55FF0512A7}.Release|Any CPU.Build.0 = Release|Any CPU
	EndGlobalSection
	GlobalSection(SolutionProperties) = preSolution
		HideSolutionNode = FALSE
	EndGlobalSection
	GlobalSection(ExtensibilityGlobals) = postSolution
		SolutionGuid = {1A6A2354-87AD-404C-ADDB-A9698AC8A0B2}
	EndGlobalSection
EndGlobal
