
Microsoft Visual Studio Solution File, Format Version 12.00
# Visual Studio Version 17
VisualStudioVersion = 17.14.36414.22 d17.14
MinimumVisualStudioVersion = 10.0.40219.1
Project("{FAE04EC0-301F-11D3-BF4B-00C04F79EFBC}") = "DictionaryExercicioDemo", "DictionaryExercicioDemo\DictionaryExercicioDemo.csproj", "{A87D51CE-DB0D-4E46-B3D4-F62E1211D288}"
EndProject
Global
	GlobalSection(SolutionConfigurationPlatforms) = preSolution
		Debug|Any CPU = Debug|Any CPU
		Release|Any CPU = Release|Any CPU
	EndGlobalSection
	GlobalSection(ProjectConfigurationPlatforms) = postSolution
		{A87D51CE-DB0D-4E46-B3D4-F62E1211D288}.Debug|Any CPU.ActiveCfg = Debug|Any CPU
		{A87D51CE-DB0D-4E46-B3D4-F62E1211D288}.Debug|Any CPU.Build.0 = Debug|Any CPU
		{A87D51CE-DB0D-4E46-B3D4-F62E1211D288}.Release|Any CPU.ActiveCfg = Release|Any CPU
		{A87D51CE-DB0D-4E46-B3D4-F62E1211D288}.Release|Any CPU.Build.0 = Release|Any CPU
	EndGlobalSection
	GlobalSection(SolutionProperties) = preSolution
		HideSolutionNode = FALSE
	EndGlobalSection
	GlobalSection(ExtensibilityGlobals) = postSolution
		SolutionGuid = {2CF396AD-EBB3-4C95-A0C5-D3167A910232}
	EndGlobalSection
EndGlobal
