
Microsoft Visual Studio Solution File, Format Version 12.00
# Visual Studio Version 17
VisualStudioVersion = 17.14.36301.6 d17.14
MinimumVisualStudioVersion = 10.0.40219.1
Project("{FAE04EC0-301F-11D3-BF4B-00C04F79EFBC}") = "TryCatch", "TryCatch\TryCatch.csproj", "{2C160DE9-3995-4FE6-8303-E38BA6D0FCBE}"
EndProject
Global
	GlobalSection(SolutionConfigurationPlatforms) = preSolution
		Debug|Any CPU = Debug|Any CPU
		Release|Any CPU = Release|Any CPU
	EndGlobalSection
	GlobalSection(ProjectConfigurationPlatforms) = postSolution
		{2C160DE9-3995-4FE6-8303-E38BA6D0FCBE}.Debug|Any CPU.ActiveCfg = Debug|Any CPU
		{2C160DE9-3995-4FE6-8303-E38BA6D0FCBE}.Debug|Any CPU.Build.0 = Debug|Any CPU
		{2C160DE9-3995-4FE6-8303-E38BA6D0FCBE}.Release|Any CPU.ActiveCfg = Release|Any CPU
		{2C160DE9-3995-4FE6-8303-E38BA6D0FCBE}.Release|Any CPU.Build.0 = Release|Any CPU
	EndGlobalSection
	GlobalSection(SolutionProperties) = preSolution
		HideSolutionNode = FALSE
	EndGlobalSection
	GlobalSection(ExtensibilityGlobals) = postSolution
		SolutionGuid = {C7BCE486-5AF7-4AE1-A198-848BDE146C39}
	EndGlobalSection
EndGlobal
