
Microsoft Visual Studio Solution File, Format Version 12.00
# Visual Studio Version 17
VisualStudioVersion = 17.14.36301.6 d17.14
MinimumVisualStudioVersion = 10.0.40219.1
Project("{FAE04EC0-301F-11D3-BF4B-00C04F79EFBC}") = "Abstratos", "Abstratos\Abstratos.csproj", "{920650D2-52EE-455B-942B-464B1C4178D5}"
EndProject
Global
	GlobalSection(SolutionConfigurationPlatforms) = preSolution
		Debug|Any CPU = Debug|Any CPU
		Release|Any CPU = Release|Any CPU
	EndGlobalSection
	GlobalSection(ProjectConfigurationPlatforms) = postSolution
		{920650D2-52EE-455B-942B-464B1C4178D5}.Debug|Any CPU.ActiveCfg = Debug|Any CPU
		{920650D2-52EE-455B-942B-464B1C4178D5}.Debug|Any CPU.Build.0 = Debug|Any CPU
		{920650D2-52EE-455B-942B-464B1C4178D5}.Release|Any CPU.ActiveCfg = Release|Any CPU
		{920650D2-52EE-455B-942B-464B1C4178D5}.Release|Any CPU.Build.0 = Release|Any CPU
	EndGlobalSection
	GlobalSection(SolutionProperties) = preSolution
		HideSolutionNode = FALSE
	EndGlobalSection
	GlobalSection(ExtensibilityGlobals) = postSolution
		SolutionGuid = {2FA4BB42-F71E-4B69-A32A-75DD9EC30534}
	EndGlobalSection
EndGlobal
